
Microsoft Visual Studio Solution File, Format Version 12.00
# Visual Studio Version 16
VisualStudioVersion = 16.0.31911.196
MinimumVisualStudioVersion = 10.0.40219.1
Project("{FAE04EC0-301F-11D3-BF4B-00C04F79EFBC}") = "AoC21_1_Sonar Sweep", "AoC21_1_Sonar Sweep.csproj", "{CF98067D-3BA1-4740-B33D-84340193F426}"
EndProject
Global
	GlobalSection(SolutionConfigurationPlatforms) = preSolution
		Debug|Any CPU = Debug|Any CPU
		Release|Any CPU = Release|Any CPU
	EndGlobalSection
	GlobalSection(ProjectConfigurationPlatforms) = postSolution
		{CF98067D-3BA1-4740-B33D-84340193F426}.Debug|Any CPU.ActiveCfg = Debug|Any CPU
		{CF98067D-3BA1-4740-B33D-84340193F426}.Debug|Any CPU.Build.0 = Debug|Any CPU
		{CF98067D-3BA1-4740-B33D-84340193F426}.Release|Any CPU.ActiveCfg = Release|Any CPU
		{CF98067D-3BA1-4740-B33D-84340193F426}.Release|Any CPU.Build.0 = Release|Any CPU
	EndGlobalSection
	GlobalSection(SolutionProperties) = preSolution
		HideSolutionNode = FALSE
	EndGlobalSection
	GlobalSection(ExtensibilityGlobals) = postSolution
		SolutionGuid = {35411200-CF9A-4671-B065-4FB2A9A81B1B}
	EndGlobalSection
EndGlobal
